
Microsoft Visual Studio Solution File, Format Version 12.00
# Visual Studio 15
VisualStudioVersion = 15.0.28307.421
MinimumVisualStudioVersion = 10.0.40219.1
Project("{FAE04EC0-301F-11D3-BF4B-00C04F79EFBC}") = "StackUnitTestExample", "StackUnitTestExample\StackUnitTestExample.csproj", "{48D4A956-EFC5-444D-841E-615A4664DC2D}"
EndProject
Project("{FAE04EC0-301F-11D3-BF4B-00C04F79EFBC}") = "StackUnitTestExample_Tests", "StackUnitTestExample_Tests\StackUnitTestExample_Tests.csproj", "{3EE3BFD9-79D6-4352-BCCD-F38D933BE689}"
EndProject
Global
	GlobalSection(SolutionConfigurationPlatforms) = preSolution
		Debug|Any CPU = Debug|Any CPU
		Release|Any CPU = Release|Any CPU
	EndGlobalSection
	GlobalSection(ProjectConfigurationPlatforms) = postSolution
		{48D4A956-EFC5-444D-841E-615A4664DC2D}.Debug|Any CPU.ActiveCfg = Debug|Any CPU
		{48D4A956-EFC5-444D-841E-615A4664DC2D}.Debug|Any CPU.Build.0 = Debug|Any CPU
		{48D4A956-EFC5-444D-841E-615A4664DC2D}.Release|Any CPU.ActiveCfg = Release|Any CPU
		{48D4A956-EFC5-444D-841E-615A4664DC2D}.Release|Any CPU.Build.0 = Release|Any CPU
		{3EE3BFD9-79D6-4352-BCCD-F38D933BE689}.Debug|Any CPU.ActiveCfg = Debug|Any CPU
		{3EE3BFD9-79D6-4352-BCCD-F38D933BE689}.Debug|Any CPU.Build.0 = Debug|Any CPU
		{3EE3BFD9-79D6-4352-BCCD-F38D933BE689}.Release|Any CPU.ActiveCfg = Release|Any CPU
		{3EE3BFD9-79D6-4352-BCCD-F38D933BE689}.Release|Any CPU.Build.0 = Release|Any CPU
	EndGlobalSection
	GlobalSection(SolutionProperties) = preSolution
		HideSolutionNode = FALSE
	EndGlobalSection
	GlobalSection(ExtensibilityGlobals) = postSolution
		SolutionGuid = {D2F0F1A0-0BED-465F-9D3A-216DB8164256}
	EndGlobalSection
EndGlobal
